{
  "R": {
    "Version": "4.4.2",
    "Repositories": [
      {
        "Name": "P3M",
        "URL": "https://packagemanager.posit.co/cran/latest"
      },
      {
        "Name": "CRAN",
        "URL": "https://cloud.r-project.org"
      }
    ]
  },
  "Python": {
    "Version": "3.13.1",
    "Type": "virtualenv",
    "Name": "/home/alex/repos/devops-data-science/renv/python/virtualenvs/renv-python-3.13"
  },
  "Packages": {
    "renv": {
      "Package": "renv",
      "Version": "1.0.7",
      "Source": "Repository",
      "Repository": "RSPM",
      "Requirements": [
        "utils"
      ],
      "Hash": "397b7b2a265bc5a7a06852524dabae20"
    }
  }
}
